
Microsoft Visual Studio Solution File, Format Version 12.00
# Visual Studio Version 17
VisualStudioVersion = 17.14.36804.6 d17.14
MinimumVisualStudioVersion = 10.0.40219.1
Project("{FAE04EC0-301F-11D3-BF4B-00C04F79EFBC}") = "gwctcore", "gwctcore\gwctcore.csproj", "{A5C5BE69-2232-4D2F-B172-62417AB4CF2E}"
EndProject
Global
	GlobalSection(SolutionConfigurationPlatforms) = preSolution
		Debug|Any CPU = Debug|Any CPU
		Release|Any CPU = Release|Any CPU
	EndGlobalSection
	GlobalSection(ProjectConfigurationPlatforms) = postSolution
		{A5C5BE69-2232-4D2F-B172-62417AB4CF2E}.Debug|Any CPU.ActiveCfg = Debug|Any CPU
		{A5C5BE69-2232-4D2F-B172-62417AB4CF2E}.Debug|Any CPU.Build.0 = Debug|Any CPU
		{A5C5BE69-2232-4D2F-B172-62417AB4CF2E}.Release|Any CPU.ActiveCfg = Release|Any CPU
		{A5C5BE69-2232-4D2F-B172-62417AB4CF2E}.Release|Any CPU.Build.0 = Release|Any CPU
	EndGlobalSection
	GlobalSection(SolutionProperties) = preSolution
		HideSolutionNode = FALSE
	EndGlobalSection
	GlobalSection(ExtensibilityGlobals) = postSolution
		SolutionGuid = {FCE550B8-B44D-4126-9BF2-33BCF5DF7557}
	EndGlobalSection
EndGlobal
